
Microsoft Visual Studio Solution File, Format Version 12.00
# Visual Studio 14
VisualStudioVersion = 14.0.25420.1
MinimumVisualStudioVersion = 10.0.40219.1
Project("{FAE04EC0-301F-11D3-BF4B-00C04F79EFBC}") = "MyListSolution", "MyListSolution\MyListSolution.csproj", "{7C103325-EEDF-4C6E-BEA2-3FA05D39AE8E}"
EndProject
Project("{FAE04EC0-301F-11D3-BF4B-00C04F79EFBC}") = "ListTesting", "ListTesting\ListTesting.csproj", "{0F8329E2-B446-45D6-BA99-D720B9F8C86E}"
EndProject
Global
	GlobalSection(SolutionConfigurationPlatforms) = preSolution
		Debug|Any CPU = Debug|Any CPU
		Release|Any CPU = Release|Any CPU
	EndGlobalSection
	GlobalSection(ProjectConfigurationPlatforms) = postSolution
		{7C103325-EEDF-4C6E-BEA2-3FA05D39AE8E}.Debug|Any CPU.ActiveCfg = Debug|Any CPU
		{7C103325-EEDF-4C6E-BEA2-3FA05D39AE8E}.Debug|Any CPU.Build.0 = Debug|Any CPU
		{7C103325-EEDF-4C6E-BEA2-3FA05D39AE8E}.Release|Any CPU.ActiveCfg = Release|Any CPU
		{7C103325-EEDF-4C6E-BEA2-3FA05D39AE8E}.Release|Any CPU.Build.0 = Release|Any CPU
		{0F8329E2-B446-45D6-BA99-D720B9F8C86E}.Debug|Any CPU.ActiveCfg = Debug|Any CPU
		{0F8329E2-B446-45D6-BA99-D720B9F8C86E}.Debug|Any CPU.Build.0 = Debug|Any CPU
		{0F8329E2-B446-45D6-BA99-D720B9F8C86E}.Release|Any CPU.ActiveCfg = Release|Any CPU
		{0F8329E2-B446-45D6-BA99-D720B9F8C86E}.Release|Any CPU.Build.0 = Release|Any CPU
	EndGlobalSection
	GlobalSection(SolutionProperties) = preSolution
		HideSolutionNode = FALSE
	EndGlobalSection
EndGlobal
